// !$*UTF8*$!
{
	archiveVersion = 1;
	classes = {
	};
	objectVersion = 55;
	objects = {

/* Begin PBXBuildFile section */
		31792E192905E23700E2E4B4 /* AppDelegate.swift in Sources */ = {isa = PBXBuildFile; fileRef = 31792E182905E23700E2E4B4 /* AppDelegate.swift */; };
		31792E1B2905E23700E2E4B4 /* SceneDelegate.swift in Sources */ = {isa = PBXBuildFile; fileRef = 31792E1A2905E23700E2E4B4 /* SceneDelegate.swift */; };
		31792E1D2905E23700E2E4B4 /* HomeViewController.swift in Sources */ = {isa = PBXBuildFile; fileRef = 31792E1C2905E23700E2E4B4 /* HomeViewController.swift */; };
		31792E202905E23700E2E4B4 /* Main.storyboard in Resources */ = {isa = PBXBuildFile; fileRef = 31792E1E2905E23700E2E4B4 /* Main.storyboard */; };
		31792E222905E23B00E2E4B4 /* Assets.xcassets in Resources */ = {isa = PBXBuildFile; fileRef = 31792E212905E23B00E2E4B4 /* Assets.xcassets */; };
		31792E252905E23B00E2E4B4 /* LaunchScreen.storyboard in Resources */ = {isa = PBXBuildFile; fileRef = 31792E232905E23B00E2E4B4 /* LaunchScreen.storyboard */; };
		31792E2F2905F59700E2E4B4 /* FoodsCollectionViewCell.swift in Sources */ = {isa = PBXBuildFile; fileRef = 31792E2E2905F59700E2E4B4 /* FoodsCollectionViewCell.swift */; };
		31792E322905FC2600E2E4B4 /* HomeContract.swift in Sources */ = {isa = PBXBuildFile; fileRef = 31792E312905FC2600E2E4B4 /* HomeContract.swift */; };
		31792E3529060B1100E2E4B4 /* Foods.swift in Sources */ = {isa = PBXBuildFile; fileRef = 31792E3429060B1100E2E4B4 /* Foods.swift */; };
		31792E3729060BFD00E2E4B4 /* HomeInteractor.swift in Sources */ = {isa = PBXBuildFile; fileRef = 31792E3629060BFD00E2E4B4 /* HomeInteractor.swift */; };
		31792E3929060C0700E2E4B4 /* HomePresenter.swift in Sources */ = {isa = PBXBuildFile; fileRef = 31792E3829060C0700E2E4B4 /* HomePresenter.swift */; };
		31792E3B29060C1200E2E4B4 /* HomeRouter.swift in Sources */ = {isa = PBXBuildFile; fileRef = 31792E3A29060C1200E2E4B4 /* HomeRouter.swift */; };
		31792E3E290616C800E2E4B4 /* Alamofire in Frameworks */ = {isa = PBXBuildFile; productRef = 31792E3D290616C800E2E4B4 /* Alamofire */; };
		31792E4A2906C69D00E2E4B4 /* Kingfisher in Frameworks */ = {isa = PBXBuildFile; productRef = 31792E492906C69D00E2E4B4 /* Kingfisher */; };
		31792E4E2906E0D900E2E4B4 /* DetailFoodViewController.swift in Sources */ = {isa = PBXBuildFile; fileRef = 31792E4D2906E0D900E2E4B4 /* DetailFoodViewController.swift */; };
		31792E502906F44800E2E4B4 /* DetailFoodContract.swift in Sources */ = {isa = PBXBuildFile; fileRef = 31792E4F2906F44800E2E4B4 /* DetailFoodContract.swift */; };
		31792E522906F5A800E2E4B4 /* DetailFoodInteractor.swift in Sources */ = {isa = PBXBuildFile; fileRef = 31792E512906F5A800E2E4B4 /* DetailFoodInteractor.swift */; };
		31792E542906F5B300E2E4B4 /* DetailFoodPresenter.swift in Sources */ = {isa = PBXBuildFile; fileRef = 31792E532906F5B300E2E4B4 /* DetailFoodPresenter.swift */; };
		31792E562906F5BE00E2E4B4 /* DetailFoodRouter.swift in Sources */ = {isa = PBXBuildFile; fileRef = 31792E552906F5BE00E2E4B4 /* DetailFoodRouter.swift */; };
		31792E5929073AA800E2E4B4 /* CartViewController.swift in Sources */ = {isa = PBXBuildFile; fileRef = 31792E5829073AA800E2E4B4 /* CartViewController.swift */; };
		31792E5B29073ABF00E2E4B4 /* CartContract.swift in Sources */ = {isa = PBXBuildFile; fileRef = 31792E5A29073ABF00E2E4B4 /* CartContract.swift */; };
		31792E5D29073AD600E2E4B4 /* CartPresenter.swift in Sources */ = {isa = PBXBuildFile; fileRef = 31792E5C29073AD600E2E4B4 /* CartPresenter.swift */; };
		31792E5F29073AE400E2E4B4 /* CartInteractor.swift in Sources */ = {isa = PBXBuildFile; fileRef = 31792E5E29073AE400E2E4B4 /* CartInteractor.swift */; };
		31792E6129073AEF00E2E4B4 /* CartRouter.swift in Sources */ = {isa = PBXBuildFile; fileRef = 31792E6029073AEF00E2E4B4 /* CartRouter.swift */; };
		31792E642907402E00E2E4B4 /* CartTableViewCell.swift in Sources */ = {isa = PBXBuildFile; fileRef = 31792E632907402E00E2E4B4 /* CartTableViewCell.swift */; };
		31792E662907446D00E2E4B4 /* Cart.swift in Sources */ = {isa = PBXBuildFile; fileRef = 31792E652907446D00E2E4B4 /* Cart.swift */; };
/* End PBXBuildFile section */

/* Begin PBXFileReference section */
		31792E152905E23700E2E4B4 /* FoodBreak.app */ = {isa = PBXFileReference; explicitFileType = wrapper.application; includeInIndex = 0; path = FoodBreak.app; sourceTree = BUILT_PRODUCTS_DIR; };
		31792E182905E23700E2E4B4 /* AppDelegate.swift */ = {isa = PBXFileReference; lastKnownFileType = sourcecode.swift; path = AppDelegate.swift; sourceTree = "<group>"; };
		31792E1A2905E23700E2E4B4 /* SceneDelegate.swift */ = {isa = PBXFileReference; lastKnownFileType = sourcecode.swift; path = SceneDelegate.swift; sourceTree = "<group>"; };
		31792E1C2905E23700E2E4B4 /* HomeViewController.swift */ = {isa = PBXFileReference; lastKnownFileType = sourcecode.swift; path = HomeViewController.swift; sourceTree = "<group>"; };
		31792E1F2905E23700E2E4B4 /* Base */ = {isa = PBXFileReference; lastKnownFileType = file.storyboard; name = Base; path = Base.lproj/Main.storyboard; sourceTree = "<group>"; };
		31792E212905E23B00E2E4B4 /* Assets.xcassets */ = {isa = PBXFileReference; lastKnownFileType = folder.assetcatalog; path = Assets.xcassets; sourceTree = "<group>"; };
		31792E242905E23B00E2E4B4 /* Base */ = {isa = PBXFileReference; lastKnownFileType = file.storyboard; name = Base; path = Base.lproj/LaunchScreen.storyboard; sourceTree = "<group>"; };
		31792E262905E23B00E2E4B4 /* Info.plist */ = {isa = PBXFileReference; lastKnownFileType = text.plist.xml; path = Info.plist; sourceTree = "<group>"; };
		31792E2E2905F59700E2E4B4 /* FoodsCollectionViewCell.swift */ = {isa = PBXFileReference; lastKnownFileType = sourcecode.swift; path = FoodsCollectionViewCell.swift; sourceTree = "<group>"; };
		31792E312905FC2600E2E4B4 /* HomeContract.swift */ = {isa = PBXFileReference; lastKnownFileType = sourcecode.swift; path = HomeContract.swift; sourceTree = "<group>"; };
		31792E3429060B1100E2E4B4 /* Foods.swift */ = {isa = PBXFileReference; lastKnownFileType = sourcecode.swift; path = Foods.swift; sourceTree = "<group>"; };
		31792E3629060BFD00E2E4B4 /* HomeInteractor.swift */ = {isa = PBXFileReference; lastKnownFileType = sourcecode.swift; path = HomeInteractor.swift; sourceTree = "<group>"; };
		31792E3829060C0700E2E4B4 /* HomePresenter.swift */ = {isa = PBXFileReference; lastKnownFileType = sourcecode.swift; path = HomePresenter.swift; sourceTree = "<group>"; };
		31792E3A29060C1200E2E4B4 /* HomeRouter.swift */ = {isa = PBXFileReference; lastKnownFileType = sourcecode.swift; path = HomeRouter.swift; sourceTree = "<group>"; };
		31792E4D2906E0D900E2E4B4 /* DetailFoodViewController.swift */ = {isa = PBXFileReference; lastKnownFileType = sourcecode.swift; path = DetailFoodViewController.swift; sourceTree = "<group>"; };
		31792E4F2906F44800E2E4B4 /* DetailFoodContract.swift */ = {isa = PBXFileReference; lastKnownFileType = sourcecode.swift; path = DetailFoodContract.swift; sourceTree = "<group>"; };
		31792E512906F5A800E2E4B4 /* DetailFoodInteractor.swift */ = {isa = PBXFileReference; lastKnownFileType = sourcecode.swift; path = DetailFoodInteractor.swift; sourceTree = "<group>"; };
		31792E532906F5B300E2E4B4 /* DetailFoodPresenter.swift */ = {isa = PBXFileReference; lastKnownFileType = sourcecode.swift; path = DetailFoodPresenter.swift; sourceTree = "<group>"; };
		31792E552906F5BE00E2E4B4 /* DetailFoodRouter.swift */ = {isa = PBXFileReference; lastKnownFileType = sourcecode.swift; path = DetailFoodRouter.swift; sourceTree = "<group>"; };
		31792E5829073AA800E2E4B4 /* CartViewController.swift */ = {isa = PBXFileReference; lastKnownFileType = sourcecode.swift; path = CartViewController.swift; sourceTree = "<group>"; };
		31792E5A29073ABF00E2E4B4 /* CartContract.swift */ = {isa = PBXFileReference; lastKnownFileType = sourcecode.swift; path = CartContract.swift; sourceTree = "<group>"; };
		31792E5C29073AD600E2E4B4 /* CartPresenter.swift */ = {isa = PBXFileReference; lastKnownFileType = sourcecode.swift; path = CartPresenter.swift; sourceTree = "<group>"; };
		31792E5E29073AE400E2E4B4 /* CartInteractor.swift */ = {isa = PBXFileReference; lastKnownFileType = sourcecode.swift; path = CartInteractor.swift; sourceTree = "<group>"; };
		31792E6029073AEF00E2E4B4 /* CartRouter.swift */ = {isa = PBXFileReference; lastKnownFileType = sourcecode.swift; path = CartRouter.swift; sourceTree = "<group>"; };
		31792E632907402E00E2E4B4 /* CartTableViewCell.swift */ = {isa = PBXFileReference; lastKnownFileType = sourcecode.swift; path = CartTableViewCell.swift; sourceTree = "<group>"; };
		31792E652907446D00E2E4B4 /* Cart.swift */ = {isa = PBXFileReference; lastKnownFileType = sourcecode.swift; path = Cart.swift; sourceTree = "<group>"; };
/* End PBXFileReference section */

/* Begin PBXFrameworksBuildPhase section */
		31792E122905E23700E2E4B4 /* Frameworks */ = {
			isa = PBXFrameworksBuildPhase;
			buildActionMask = 2147483647;
			files = (
				31792E4A2906C69D00E2E4B4 /* Kingfisher in Frameworks */,
				31792E3E290616C800E2E4B4 /* Alamofire in Frameworks */,
			);
			runOnlyForDeploymentPostprocessing = 0;
		};
/* End PBXFrameworksBuildPhase section */

/* Begin PBXGroup section */
		31792E0C2905E23700E2E4B4 = {
			isa = PBXGroup;
			children = (
				31792E172905E23700E2E4B4 /* FoodBreak */,
				31792E162905E23700E2E4B4 /* Products */,
			);
			sourceTree = "<group>";
		};
		31792E162905E23700E2E4B4 /* Products */ = {
			isa = PBXGroup;
			children = (
				31792E152905E23700E2E4B4 /* FoodBreak.app */,
			);
			name = Products;
			sourceTree = "<group>";
		};
		31792E172905E23700E2E4B4 /* FoodBreak */ = {
			isa = PBXGroup;
			children = (
				31792E2D2905EF5D00E2E4B4 /* Delegates */,
				31792E3329060A8900E2E4B4 /* Entity */,
				31792E2C2905EF3800E2E4B4 /* Home */,
				31792E4B2906E07700E2E4B4 /* DetailFood */,
				31792E5729073A8F00E2E4B4 /* Cart */,
				31792E1E2905E23700E2E4B4 /* Main.storyboard */,
				31792E212905E23B00E2E4B4 /* Assets.xcassets */,
				31792E232905E23B00E2E4B4 /* LaunchScreen.storyboard */,
				31792E262905E23B00E2E4B4 /* Info.plist */,
			);
			path = FoodBreak;
			sourceTree = "<group>";
		};
		31792E2C2905EF3800E2E4B4 /* Home */ = {
			isa = PBXGroup;
			children = (
				31792E4C2906E0B300E2E4B4 /* Cell */,
				31792E1C2905E23700E2E4B4 /* HomeViewController.swift */,
				31792E312905FC2600E2E4B4 /* HomeContract.swift */,
				31792E3629060BFD00E2E4B4 /* HomeInteractor.swift */,
				31792E3829060C0700E2E4B4 /* HomePresenter.swift */,
				31792E3A29060C1200E2E4B4 /* HomeRouter.swift */,
			);
			path = Home;
			sourceTree = "<group>";
		};
		31792E2D2905EF5D00E2E4B4 /* Delegates */ = {
			isa = PBXGroup;
			children = (
				31792E182905E23700E2E4B4 /* AppDelegate.swift */,
				31792E1A2905E23700E2E4B4 /* SceneDelegate.swift */,
			);
			path = Delegates;
			sourceTree = "<group>";
		};
		31792E3329060A8900E2E4B4 /* Entity */ = {
			isa = PBXGroup;
			children = (
				31792E3429060B1100E2E4B4 /* Foods.swift */,
				31792E652907446D00E2E4B4 /* Cart.swift */,
			);
			path = Entity;
			sourceTree = "<group>";
		};
		31792E4B2906E07700E2E4B4 /* DetailFood */ = {
			isa = PBXGroup;
			children = (
				31792E4D2906E0D900E2E4B4 /* DetailFoodViewController.swift */,
				31792E4F2906F44800E2E4B4 /* DetailFoodContract.swift */,
				31792E512906F5A800E2E4B4 /* DetailFoodInteractor.swift */,
				31792E532906F5B300E2E4B4 /* DetailFoodPresenter.swift */,
				31792E552906F5BE00E2E4B4 /* DetailFoodRouter.swift */,
			);
			path = DetailFood;
			sourceTree = "<group>";
		};
		31792E4C2906E0B300E2E4B4 /* Cell */ = {
			isa = PBXGroup;
			children = (
				31792E2E2905F59700E2E4B4 /* FoodsCollectionViewCell.swift */,
			);
			path = Cell;
			sourceTree = "<group>";
		};
		31792E5729073A8F00E2E4B4 /* Cart */ = {
			isa = PBXGroup;
			children = (
				31792E622907401200E2E4B4 /* Cell */,
				31792E5829073AA800E2E4B4 /* CartViewController.swift */,
				31792E5A29073ABF00E2E4B4 /* CartContract.swift */,
				31792E5C29073AD600E2E4B4 /* CartPresenter.swift */,
				31792E5E29073AE400E2E4B4 /* CartInteractor.swift */,
				31792E6029073AEF00E2E4B4 /* CartRouter.swift */,
			);
			path = Cart;
			sourceTree = "<group>";
		};
		31792E622907401200E2E4B4 /* Cell */ = {
			isa = PBXGroup;
			children = (
				31792E632907402E00E2E4B4 /* CartTableViewCell.swift */,
			);
			path = Cell;
			sourceTree = "<group>";
		};
/* End PBXGroup section */

/* Begin PBXNativeTarget section */
		31792E142905E23700E2E4B4 /* FoodBreak */ = {
			isa = PBXNativeTarget;
			buildConfigurationList = 31792E292905E23B00E2E4B4 /* Build configuration list for PBXNativeTarget "FoodBreak" */;
			buildPhases = (
				31792E112905E23700E2E4B4 /* Sources */,
				31792E122905E23700E2E4B4 /* Frameworks */,
				31792E132905E23700E2E4B4 /* Resources */,
			);
			buildRules = (
			);
			dependencies = (
			);
			name = FoodBreak;
			packageProductDependencies = (
				31792E3D290616C800E2E4B4 /* Alamofire */,
				31792E492906C69D00E2E4B4 /* Kingfisher */,
			);
			productName = FoodBreak;
			productReference = 31792E152905E23700E2E4B4 /* FoodBreak.app */;
			productType = "com.apple.product-type.application";
		};
/* End PBXNativeTarget section */

/* Begin PBXProject section */
		31792E0D2905E23700E2E4B4 /* Project object */ = {
			isa = PBXProject;
			attributes = {
				BuildIndependentTargetsInParallel = 1;
				LastSwiftUpdateCheck = 1300;
				LastUpgradeCheck = 1300;
				TargetAttributes = {
					31792E142905E23700E2E4B4 = {
						CreatedOnToolsVersion = 13.0;
					};
				};
			};
			buildConfigurationList = 31792E102905E23700E2E4B4 /* Build configuration list for PBXProject "FoodBreak" */;
			compatibilityVersion = "Xcode 13.0";
			developmentRegion = en;
			hasScannedForEncodings = 0;
			knownRegions = (
				en,
				Base,
			);
			mainGroup = 31792E0C2905E23700E2E4B4;
			packageReferences = (
				31792E3C290616C800E2E4B4 /* XCRemoteSwiftPackageReference "Alamofire" */,
				31792E482906C69D00E2E4B4 /* XCRemoteSwiftPackageReference "Kingfisher" */,
			);
			productRefGroup = 31792E162905E23700E2E4B4 /* Products */;
			projectDirPath = "";
			projectRoot = "";
			targets = (
				31792E142905E23700E2E4B4 /* FoodBreak */,
			);
		};
/* End PBXProject section */

/* Begin PBXResourcesBuildPhase section */
		31792E132905E23700E2E4B4 /* Resources */ = {
			isa = PBXResourcesBuildPhase;
			buildActionMask = 2147483647;
			files = (
				31792E252905E23B00E2E4B4 /* LaunchScreen.storyboard in Resources */,
				31792E222905E23B00E2E4B4 /* Assets.xcassets in Resources */,
				31792E202905E23700E2E4B4 /* Main.storyboard in Resources */,
			);
			runOnlyForDeploymentPostprocessing = 0;
		};
/* End PBXResourcesBuildPhase section */

/* Begin PBXSourcesBuildPhase section */
		31792E112905E23700E2E4B4 /* Sources */ = {
			isa = PBXSourcesBuildPhase;
			buildActionMask = 2147483647;
			files = (
				31792E5D29073AD600E2E4B4 /* CartPresenter.swift in Sources */,
				31792E1D2905E23700E2E4B4 /* HomeViewController.swift in Sources */,
				31792E542906F5B300E2E4B4 /* DetailFoodPresenter.swift in Sources */,
				31792E192905E23700E2E4B4 /* AppDelegate.swift in Sources */,
				31792E562906F5BE00E2E4B4 /* DetailFoodRouter.swift in Sources */,
				31792E502906F44800E2E4B4 /* DetailFoodContract.swift in Sources */,
				31792E5B29073ABF00E2E4B4 /* CartContract.swift in Sources */,
				31792E642907402E00E2E4B4 /* CartTableViewCell.swift in Sources */,
				31792E522906F5A800E2E4B4 /* DetailFoodInteractor.swift in Sources */,
				31792E5F29073AE400E2E4B4 /* CartInteractor.swift in Sources */,
				31792E662907446D00E2E4B4 /* Cart.swift in Sources */,
				31792E322905FC2600E2E4B4 /* HomeContract.swift in Sources */,
				31792E5929073AA800E2E4B4 /* CartViewController.swift in Sources */,
				31792E3529060B1100E2E4B4 /* Foods.swift in Sources */,
				31792E2F2905F59700E2E4B4 /* FoodsCollectionViewCell.swift in Sources */,
				31792E4E2906E0D900E2E4B4 /* DetailFoodViewController.swift in Sources */,
				31792E6129073AEF00E2E4B4 /* CartRouter.swift in Sources */,
				31792E1B2905E23700E2E4B4 /* SceneDelegate.swift in Sources */,
				31792E3729060BFD00E2E4B4 /* HomeInteractor.swift in Sources */,
				31792E3B29060C1200E2E4B4 /* HomeRouter.swift in Sources */,
				31792E3929060C0700E2E4B4 /* HomePresenter.swift in Sources */,
			);
			runOnlyForDeploymentPostprocessing = 0;
		};
/* End PBXSourcesBuildPhase section */

/* Begin PBXVariantGroup section */
		31792E1E2905E23700E2E4B4 /* Main.storyboard */ = {
			isa = PBXVariantGroup;
			children = (
				31792E1F2905E23700E2E4B4 /* Base */,
			);
			name = Main.storyboard;
			sourceTree = "<group>";
		};
		31792E232905E23B00E2E4B4 /* LaunchScreen.storyboard */ = {
			isa = PBXVariantGroup;
			children = (
				31792E242905E23B00E2E4B4 /* Base */,
			);
			name = LaunchScreen.storyboard;
			sourceTree = "<group>";
		};
/* End PBXVariantGroup section */

/* Begin XCBuildConfiguration section */
		31792E272905E23B00E2E4B4 /* Debug */ = {
			isa = XCBuildConfiguration;
			buildSettings = {
				ALWAYS_SEARCH_USER_PATHS = NO;
				CLANG_ANALYZER_NONNULL = YES;
				CLANG_ANALYZER_NUMBER_OBJECT_CONVERSION = YES_AGGRESSIVE;
				CLANG_CXX_LANGUAGE_STANDARD = "gnu++17";
				CLANG_CXX_LIBRARY = "libc++";
				CLANG_ENABLE_MODULES = YES;
				CLANG_ENABLE_OBJC_ARC = YES;
				CLANG_ENABLE_OBJC_WEAK = YES;
				CLANG_WARN_BLOCK_CAPTURE_AUTORELEASING = YES;
				CLANG_WARN_BOOL_CONVERSION = YES;
				CLANG_WARN_COMMA = YES;
				CLANG_WARN_CONSTANT_CONVERSION = YES;
				CLANG_WARN_DEPRECATED_OBJC_IMPLEMENTATIONS = YES;
				CLANG_WARN_DIRECT_OBJC_ISA_USAGE = YES_ERROR;
				CLANG_WARN_DOCUMENTATION_COMMENTS = YES;
				CLANG_WARN_EMPTY_BODY = YES;
				CLANG_WARN_ENUM_CONVERSION = YES;
				CLANG_WARN_INFINITE_RECURSION = YES;
				CLANG_WARN_INT_CONVERSION = YES;
				CLANG_WARN_NON_LITERAL_NULL_CONVERSION = YES;
				CLANG_WARN_OBJC_IMPLICIT_RETAIN_SELF = YES;
				CLANG_WARN_OBJC_LITERAL_CONVERSION = YES;
				CLANG_WARN_OBJC_ROOT_CLASS = YES_ERROR;
				CLANG_WARN_QUOTED_INCLUDE_IN_FRAMEWORK_HEADER = YES;
				CLANG_WARN_RANGE_LOOP_ANALYSIS = YES;
				CLANG_WARN_STRICT_PROTOTYPES = YES;
				CLANG_WARN_SUSPICIOUS_MOVE = YES;
				CLANG_WARN_UNGUARDED_AVAILABILITY = YES_AGGRESSIVE;
				CLANG_WARN_UNREACHABLE_CODE = YES;
				CLANG_WARN__DUPLICATE_METHOD_MATCH = YES;
				COPY_PHASE_STRIP = NO;
				DEBUG_INFORMATION_FORMAT = dwarf;
				ENABLE_STRICT_OBJC_MSGSEND = YES;
				ENABLE_TESTABILITY = YES;
				GCC_C_LANGUAGE_STANDARD = gnu11;
				GCC_DYNAMIC_NO_PIC = NO;
				GCC_NO_COMMON_BLOCKS = YES;
				GCC_OPTIMIZATION_LEVEL = 0;
				GCC_PREPROCESSOR_DEFINITIONS = (
					"DEBUG=1",
					"$(inherited)",
				);
				GCC_WARN_64_TO_32_BIT_CONVERSION = YES;
				GCC_WARN_ABOUT_RETURN_TYPE = YES_ERROR;
				GCC_WARN_UNDECLARED_SELECTOR = YES;
				GCC_WARN_UNINITIALIZED_AUTOS = YES_AGGRESSIVE;
				GCC_WARN_UNUSED_FUNCTION = YES;
				GCC_WARN_UNUSED_VARIABLE = YES;
				IPHONEOS_DEPLOYMENT_TARGET = 15.0;
				MTL_ENABLE_DEBUG_INFO = INCLUDE_SOURCE;
				MTL_FAST_MATH = YES;
				ONLY_ACTIVE_ARCH = YES;
				SDKROOT = iphoneos;
				SWIFT_ACTIVE_COMPILATION_CONDITIONS = DEBUG;
				SWIFT_OPTIMIZATION_LEVEL = "-Onone";
			};
			name = Debug;
		};
		31792E282905E23B00E2E4B4 /* Release */ = {
			isa = XCBuildConfiguration;
			buildSettings = {
				ALWAYS_SEARCH_USER_PATHS = NO;
				CLANG_ANALYZER_NONNULL = YES;
				CLANG_ANALYZER_NUMBER_OBJECT_CONVERSION = YES_AGGRESSIVE;
				CLANG_CXX_LANGUAGE_STANDARD = "gnu++17";
				CLANG_CXX_LIBRARY = "libc++";
				CLANG_ENABLE_MODULES = YES;
				CLANG_ENABLE_OBJC_ARC = YES;
				CLANG_ENABLE_OBJC_WEAK = YES;
				CLANG_WARN_BLOCK_CAPTURE_AUTORELEASING = YES;
				CLANG_WARN_BOOL_CONVERSION = YES;
				CLANG_WARN_COMMA = YES;
				CLANG_WARN_CONSTANT_CONVERSION = YES;
				CLANG_WARN_DEPRECATED_OBJC_IMPLEMENTATIONS = YES;
				CLANG_WARN_DIRECT_OBJC_ISA_USAGE = YES_ERROR;
				CLANG_WARN_DOCUMENTATION_COMMENTS = YES;
				CLANG_WARN_EMPTY_BODY = YES;
				CLANG_WARN_ENUM_CONVERSION = YES;
				CLANG_WARN_INFINITE_RECURSION = YES;
				CLANG_WARN_INT_CONVERSION = YES;
				CLANG_WARN_NON_LITERAL_NULL_CONVERSION = YES;
				CLANG_WARN_OBJC_IMPLICIT_RETAIN_SELF = YES;
				CLANG_WARN_OBJC_LITERAL_CONVERSION = YES;
				CLANG_WARN_OBJC_ROOT_CLASS = YES_ERROR;
				CLANG_WARN_QUOTED_INCLUDE_IN_FRAMEWORK_HEADER = YES;
				CLANG_WARN_RANGE_LOOP_ANALYSIS = YES;
				CLANG_WARN_STRICT_PROTOTYPES = YES;
				CLANG_WARN_SUSPICIOUS_MOVE = YES;
				CLANG_WARN_UNGUARDED_AVAILABILITY = YES_AGGRESSIVE;
				CLANG_WARN_UNREACHABLE_CODE = YES;
				CLANG_WARN__DUPLICATE_METHOD_MATCH = YES;
				COPY_PHASE_STRIP = NO;
				DEBUG_INFORMATION_FORMAT = "dwarf-with-dsym";
				ENABLE_NS_ASSERTIONS = NO;
				ENABLE_STRICT_OBJC_MSGSEND = YES;
				GCC_C_LANGUAGE_STANDARD = gnu11;
				GCC_NO_COMMON_BLOCKS = YES;
				GCC_WARN_64_TO_32_BIT_CONVERSION = YES;
				GCC_WARN_ABOUT_RETURN_TYPE = YES_ERROR;
				GCC_WARN_UNDECLARED_SELECTOR = YES;
				GCC_WARN_UNINITIALIZED_AUTOS = YES_AGGRESSIVE;
				GCC_WARN_UNUSED_FUNCTION = YES;
				GCC_WARN_UNUSED_VARIABLE = YES;
				IPHONEOS_DEPLOYMENT_TARGET = 15.0;
				MTL_ENABLE_DEBUG_INFO = NO;
				MTL_FAST_MATH = YES;
				SDKROOT = iphoneos;
				SWIFT_COMPILATION_MODE = wholemodule;
				SWIFT_OPTIMIZATION_LEVEL = "-O";
				VALIDATE_PRODUCT = YES;
			};
			name = Release;
		};
		31792E2A2905E23B00E2E4B4 /* Debug */ = {
			isa = XCBuildConfiguration;
			buildSettings = {
				ASSETCATALOG_COMPILER_APPICON_NAME = AppIcon;
				ASSETCATALOG_COMPILER_GLOBAL_ACCENT_COLOR_NAME = AccentColor;
				CODE_SIGN_STYLE = Automatic;
				CURRENT_PROJECT_VERSION = 1;
				DEVELOPMENT_TEAM = KRCW97NRKQ;
				GENERATE_INFOPLIST_FILE = YES;
				INFOPLIST_FILE = FoodBreak/Info.plist;
				INFOPLIST_KEY_UIApplicationSupportsIndirectInputEvents = YES;
				INFOPLIST_KEY_UILaunchStoryboardName = LaunchScreen;
				INFOPLIST_KEY_UIMainStoryboardFile = Main;
				INFOPLIST_KEY_UISupportedInterfaceOrientations_iPad = "UIInterfaceOrientationPortrait UIInterfaceOrientationPortraitUpsideDown UIInterfaceOrientationLandscapeLeft UIInterfaceOrientationLandscapeRight";
				INFOPLIST_KEY_UISupportedInterfaceOrientations_iPhone = "UIInterfaceOrientationPortrait UIInterfaceOrientationLandscapeLeft UIInterfaceOrientationLandscapeRight";
				LD_RUNPATH_SEARCH_PATHS = (
					"$(inherited)",
					"@executable_path/Frameworks",
				);
				MARKETING_VERSION = 1.0;
				PRODUCT_BUNDLE_IDENTIFIER = com.fuldenonan.FoodBreak;
				PRODUCT_NAME = "$(TARGET_NAME)";
				SWIFT_EMIT_LOC_STRINGS = YES;
				SWIFT_VERSION = 5.0;
				TARGETED_DEVICE_FAMILY = "1,2";
			};
			name = Debug;
		};
		31792E2B2905E23B00E2E4B4 /* Release */ = {
			isa = XCBuildConfiguration;
			buildSettings = {
				ASSETCATALOG_COMPILER_APPICON_NAME = AppIcon;
				ASSETCATALOG_COMPILER_GLOBAL_ACCENT_COLOR_NAME = AccentColor;
				CODE_SIGN_STYLE = Automatic;
				CURRENT_PROJECT_VERSION = 1;
				DEVELOPMENT_TEAM = KRCW97NRKQ;
				GENERATE_INFOPLIST_FILE = YES;
				INFOPLIST_FILE = FoodBreak/Info.plist;
				INFOPLIST_KEY_UIApplicationSupportsIndirectInputEvents = YES;
				INFOPLIST_KEY_UILaunchStoryboardName = LaunchScreen;
				INFOPLIST_KEY_UIMainStoryboardFile = Main;
				INFOPLIST_KEY_UISupportedInterfaceOrientations_iPad = "UIInterfaceOrientationPortrait UIInterfaceOrientationPortraitUpsideDown UIInterfaceOrientationLandscapeLeft UIInterfaceOrientationLandscapeRight";
				INFOPLIST_KEY_UISupportedInterfaceOrientations_iPhone = "UIInterfaceOrientationPortrait UIInterfaceOrientationLandscapeLeft UIInterfaceOrientationLandscapeRight";
				LD_RUNPATH_SEARCH_PATHS = (
					"$(inherited)",
					"@executable_path/Frameworks",
				);
				MARKETING_VERSION = 1.0;
				PRODUCT_BUNDLE_IDENTIFIER = com.fuldenonan.FoodBreak;
				PRODUCT_NAME = "$(TARGET_NAME)";
				SWIFT_EMIT_LOC_STRINGS = YES;
				SWIFT_VERSION = 5.0;
				TARGETED_DEVICE_FAMILY = "1,2";
			};
			name = Release;
		};
/* End XCBuildConfiguration section */

/* Begin XCConfigurationList section */
		31792E102905E23700E2E4B4 /* Build configuration list for PBXProject "FoodBreak" */ = {
			isa = XCConfigurationList;
			buildConfigurations = (
				31792E272905E23B00E2E4B4 /* Debug */,
				31792E282905E23B00E2E4B4 /* Release */,
			);
			defaultConfigurationIsVisible = 0;
			defaultConfigurationName = Release;
		};
		31792E292905E23B00E2E4B4 /* Build configuration list for PBXNativeTarget "FoodBreak" */ = {
			isa = XCConfigurationList;
			buildConfigurations = (
				31792E2A2905E23B00E2E4B4 /* Debug */,
				31792E2B2905E23B00E2E4B4 /* Release */,
			);
			defaultConfigurationIsVisible = 0;
			defaultConfigurationName = Release;
		};
/* End XCConfigurationList section */

/* Begin XCRemoteSwiftPackageReference section */
		31792E3C290616C800E2E4B4 /* XCRemoteSwiftPackageReference "Alamofire" */ = {
			isa = XCRemoteSwiftPackageReference;
			repositoryURL = "https://github.com/Alamofire/Alamofire.git";
			requirement = {
				kind = upToNextMajorVersion;
				minimumVersion = 5.0.0;
			};
		};
		31792E482906C69D00E2E4B4 /* XCRemoteSwiftPackageReference "Kingfisher" */ = {
			isa = XCRemoteSwiftPackageReference;
			repositoryURL = "https://github.com/onevcat/Kingfisher.git";
			requirement = {
				kind = upToNextMajorVersion;
				minimumVersion = 6.0.0;
			};
		};
/* End XCRemoteSwiftPackageReference section */

/* Begin XCSwiftPackageProductDependency section */
		31792E3D290616C800E2E4B4 /* Alamofire */ = {
			isa = XCSwiftPackageProductDependency;
			package = 31792E3C290616C800E2E4B4 /* XCRemoteSwiftPackageReference "Alamofire" */;
			productName = Alamofire;
		};
		31792E492906C69D00E2E4B4 /* Kingfisher */ = {
			isa = XCSwiftPackageProductDependency;
			package = 31792E482906C69D00E2E4B4 /* XCRemoteSwiftPackageReference "Kingfisher" */;
			productName = Kingfisher;
		};
/* End XCSwiftPackageProductDependency section */
	};
	rootObject = 31792E0D2905E23700E2E4B4 /* Project object */;
}
